
Microsoft Visual Studio Solution File, Format Version 12.00
# Visual Studio Version 17
VisualStudioVersion = 17.0.31903.59
MinimumVisualStudioVersion = 10.0.40219.1
Project("{2150E333-8FDC-42A3-9474-1A3956D46DE8}") = "Client", "Client", "{4D58FB87-F0DC-431C-A5B0-E5EED8BE5B65}"
EndProject
Project("{FAE04EC0-301F-11D3-BF4B-00C04F79EFBC}") = "Client", "Client\src\Client.csproj", "{789D21CA-1EE5-4DC3-B440-AE5754A6FE6C}"
EndProject
Project("{2150E333-8FDC-42A3-9474-1A3956D46DE8}") = "Server", "Server", "{DEB231C4-B82D-4907-96CA-C3DEB500DDA2}"
EndProject
Project("{FAE04EC0-301F-11D3-BF4B-00C04F79EFBC}") = "Server", "Server\src\Server.csproj", "{FCB64F2D-A4AE-411E-92FA-621B0C0680C8}"
EndProject
Project("{FAE04EC0-301F-11D3-BF4B-00C04F79EFBC}") = "Tests", "Tests\Tests.csproj", "{90E22340-E586-4AD1-B1EF-4E6A6018D256}"
EndProject
Global
	GlobalSection(SolutionConfigurationPlatforms) = preSolution
		Debug|Any CPU = Debug|Any CPU
		Release|Any CPU = Release|Any CPU
	EndGlobalSection
	GlobalSection(SolutionProperties) = preSolution
		HideSolutionNode = FALSE
	EndGlobalSection
	GlobalSection(ProjectConfigurationPlatforms) = postSolution
		{789D21CA-1EE5-4DC3-B440-AE5754A6FE6C}.Debug|Any CPU.ActiveCfg = Debug|Any CPU
		{789D21CA-1EE5-4DC3-B440-AE5754A6FE6C}.Debug|Any CPU.Build.0 = Debug|Any CPU
		{789D21CA-1EE5-4DC3-B440-AE5754A6FE6C}.Release|Any CPU.ActiveCfg = Release|Any CPU
		{789D21CA-1EE5-4DC3-B440-AE5754A6FE6C}.Release|Any CPU.Build.0 = Release|Any CPU
		{FCB64F2D-A4AE-411E-92FA-621B0C0680C8}.Debug|Any CPU.ActiveCfg = Debug|Any CPU
		{FCB64F2D-A4AE-411E-92FA-621B0C0680C8}.Debug|Any CPU.Build.0 = Debug|Any CPU
		{FCB64F2D-A4AE-411E-92FA-621B0C0680C8}.Release|Any CPU.ActiveCfg = Release|Any CPU
		{FCB64F2D-A4AE-411E-92FA-621B0C0680C8}.Release|Any CPU.Build.0 = Release|Any CPU
		{90E22340-E586-4AD1-B1EF-4E6A6018D256}.Debug|Any CPU.ActiveCfg = Debug|Any CPU
		{90E22340-E586-4AD1-B1EF-4E6A6018D256}.Debug|Any CPU.Build.0 = Debug|Any CPU
		{90E22340-E586-4AD1-B1EF-4E6A6018D256}.Release|Any CPU.ActiveCfg = Release|Any CPU
		{90E22340-E586-4AD1-B1EF-4E6A6018D256}.Release|Any CPU.Build.0 = Release|Any CPU
	EndGlobalSection
	GlobalSection(NestedProjects) = preSolution
		{789D21CA-1EE5-4DC3-B440-AE5754A6FE6C} = {4D58FB87-F0DC-431C-A5B0-E5EED8BE5B65}
		{FCB64F2D-A4AE-411E-92FA-621B0C0680C8} = {DEB231C4-B82D-4907-96CA-C3DEB500DDA2}
	EndGlobalSection
EndGlobal
